{
  "lockfile_version": "1",
  "packages": {
    "nodejs@20": {
      "last_modified": "2024-01-27T14:55:31Z",
      "resolved": "github:NixOS/nixpkgs/160b762eda6d139ac10ae081f8f78d640dd523eb#nodejs_20",
      "source": "devbox-search",
      "version": "20.11.0",
      "systems": {
        "aarch64-darwin": {
          "store_path": "/nix/store/kwwq75mfw7xch7vx40sdn5sbxp5ibmgd-nodejs-20.11.0"
        },
        "aarch64-linux": {
          "store_path": "/nix/store/9w2340q4fl45sfmllsgicbv2n2xhzjsw-nodejs-20.11.0"
        },
        "x86_64-darwin": {
          "store_path": "/nix/store/zgmy5yc85d3mkz6zdmazv799c45f2gkh-nodejs-20.11.0"
        },
        "x86_64-linux": {
          "store_path": "/nix/store/d6lkbndr98lcn8spbqxfq52f2ldvqhks-nodejs-20.11.0"
        }
      }
    },
    "yarn@1.22": {
      "last_modified": "2024-01-14T03:55:27Z",
      "resolved": "github:NixOS/nixpkgs/dd5621df6dcb90122b50da5ec31c411a0de3e538#yarn",
      "source": "devbox-search",
      "version": "1.22.19",
      "systems": {
        "aarch64-darwin": {
          "store_path": "/nix/store/yb68pnblz6j3lv8f7jd5zganvlsa2mms-yarn-1.22.19"
        },
        "aarch64-linux": {
          "store_path": "/nix/store/n49d4p0mfvfggyp5n74hb5v9y226lalr-yarn-1.22.19"
        },
        "x86_64-darwin": {
          "store_path": "/nix/store/5wg6mwzayjnbmv98kk7hmcyxlp6w48cp-yarn-1.22.19"
        },
        "x86_64-linux": {
          "store_path": "/nix/store/vxqn1dwsi2w5ws36rlzi0cvxks8js498-yarn-1.22.19"
        }
      }
    }
  }
}
